
Microsoft Visual Studio Solution File, Format Version 12.00
# Visual Studio Version 16
VisualStudioVersion = 16.0.29403.142
MinimumVisualStudioVersion = 10.0.40219.1
Project("{8BC9CEB8-8B4A-11D0-8D11-00A0C91BC942}") = "Image_correction", "Image_correction.vcxproj", "{326E0613-4ADF-4FDA-819D-DC170ED64AAE}"
EndProject
Global
	GlobalSection(SolutionConfigurationPlatforms) = preSolution
		Debug|x64 = Debug|x64
		Debug|x86 = Debug|x86
		Release|x64 = Release|x64
		Release|x86 = Release|x86
	EndGlobalSection
	GlobalSection(ProjectConfigurationPlatforms) = postSolution
		{326E0613-4ADF-4FDA-819D-DC170ED64AAE}.Debug|x64.ActiveCfg = Debug|x64
		{326E0613-4ADF-4FDA-819D-DC170ED64AAE}.Debug|x64.Build.0 = Debug|x64
		{326E0613-4ADF-4FDA-819D-DC170ED64AAE}.Debug|x86.ActiveCfg = Debug|Win32
		{326E0613-4ADF-4FDA-819D-DC170ED64AAE}.Debug|x86.Build.0 = Debug|Win32
		{326E0613-4ADF-4FDA-819D-DC170ED64AAE}.Release|x64.ActiveCfg = Release|x64
		{326E0613-4ADF-4FDA-819D-DC170ED64AAE}.Release|x64.Build.0 = Release|x64
		{326E0613-4ADF-4FDA-819D-DC170ED64AAE}.Release|x86.ActiveCfg = Release|Win32
		{326E0613-4ADF-4FDA-819D-DC170ED64AAE}.Release|x86.Build.0 = Release|Win32
	EndGlobalSection
	GlobalSection(SolutionProperties) = preSolution
		HideSolutionNode = FALSE
	EndGlobalSection
	GlobalSection(ExtensibilityGlobals) = postSolution
		SolutionGuid = {CCE3652F-D154-4EDA-BD16-D766DBAAF771}
	EndGlobalSection
EndGlobal
